
Microsoft Visual Studio Solution File, Format Version 12.00
# Visual Studio Version 17
VisualStudioVersion = 17.0.32112.339
MinimumVisualStudioVersion = 10.0.40219.1
Project("{FAE04EC0-301F-11D3-BF4B-00C04F79EFBC}") = "Desafio 02", "Desafio 02\Desafio 02.csproj", "{37A1353D-4276-43C6-A19F-4F1EC1A5BE65}"
EndProject
Global
	GlobalSection(SolutionConfigurationPlatforms) = preSolution
		Debug|Any CPU = Debug|Any CPU
		Release|Any CPU = Release|Any CPU
	EndGlobalSection
	GlobalSection(ProjectConfigurationPlatforms) = postSolution
		{37A1353D-4276-43C6-A19F-4F1EC1A5BE65}.Debug|Any CPU.ActiveCfg = Debug|Any CPU
		{37A1353D-4276-43C6-A19F-4F1EC1A5BE65}.Debug|Any CPU.Build.0 = Debug|Any CPU
		{37A1353D-4276-43C6-A19F-4F1EC1A5BE65}.Release|Any CPU.ActiveCfg = Release|Any CPU
		{37A1353D-4276-43C6-A19F-4F1EC1A5BE65}.Release|Any CPU.Build.0 = Release|Any CPU
	EndGlobalSection
	GlobalSection(SolutionProperties) = preSolution
		HideSolutionNode = FALSE
	EndGlobalSection
	GlobalSection(ExtensibilityGlobals) = postSolution
		SolutionGuid = {CFC5D720-C3BE-4379-84B1-42B780DA7571}
	EndGlobalSection
EndGlobal
